
Microsoft Visual Studio Solution File, Format Version 12.00
# Visual Studio Version 17
VisualStudioVersion = 17.9.34728.123
MinimumVisualStudioVersion = 10.0.40219.1
Project("{FAE04EC0-301F-11D3-BF4B-00C04F79EFBC}") = "SignalRLearn", "SignalRLearn\SignalRLearn.csproj", "{9BCA94B5-A3B2-4BF7-9FED-1080E2347D2C}"
EndProject
Global
	GlobalSection(SolutionConfigurationPlatforms) = preSolution
		Debug|Any CPU = Debug|Any CPU
		Release|Any CPU = Release|Any CPU
	EndGlobalSection
	GlobalSection(ProjectConfigurationPlatforms) = postSolution
		{9BCA94B5-A3B2-4BF7-9FED-1080E2347D2C}.Debug|Any CPU.ActiveCfg = Debug|Any CPU
		{9BCA94B5-A3B2-4BF7-9FED-1080E2347D2C}.Debug|Any CPU.Build.0 = Debug|Any CPU
		{9BCA94B5-A3B2-4BF7-9FED-1080E2347D2C}.Release|Any CPU.ActiveCfg = Release|Any CPU
		{9BCA94B5-A3B2-4BF7-9FED-1080E2347D2C}.Release|Any CPU.Build.0 = Release|Any CPU
	EndGlobalSection
	GlobalSection(SolutionProperties) = preSolution
		HideSolutionNode = FALSE
	EndGlobalSection
	GlobalSection(ExtensibilityGlobals) = postSolution
		SolutionGuid = {18E0893E-9486-455B-8ABA-048E238ED880}
	EndGlobalSection
EndGlobal
